// !$*UTF8*$!
{
	archiveVersion = 1;
	classes = {
	};
	objectVersion = 50;
	objects = {

/* Begin PBXBuildFile section */
		06EEEAF72133625100D1B215 /* AppDelegate.swift in Sources */ = {isa = PBXBuildFile; fileRef = 06EEEAF62133625100D1B215 /* AppDelegate.swift */; };
		06EEEAF92133625100D1B215 /* ViewController.swift in Sources */ = {isa = PBXBuildFile; fileRef = 06EEEAF82133625100D1B215 /* ViewController.swift */; };
		06EEEAFC2133625100D1B215 /* Main.storyboard in Resources */ = {isa = PBXBuildFile; fileRef = 06EEEAFA2133625100D1B215 /* Main.storyboard */; };
		06EEEAFE2133625300D1B215 /* Assets.xcassets in Resources */ = {isa = PBXBuildFile; fileRef = 06EEEAFD2133625300D1B215 /* Assets.xcassets */; };
		06EEEB012133625300D1B215 /* LaunchScreen.storyboard in Resources */ = {isa = PBXBuildFile; fileRef = 06EEEAFF2133625300D1B215 /* LaunchScreen.storyboard */; };
		06EEEB0C2133625300D1B215 /* Guess_the_FlagTests.swift in Sources */ = {isa = PBXBuildFile; fileRef = 06EEEB0B2133625300D1B215 /* Guess_the_FlagTests.swift */; };
		06EEEB172133625300D1B215 /* Guess_the_FlagUITests.swift in Sources */ = {isa = PBXBuildFile; fileRef = 06EEEB162133625300D1B215 /* Guess_the_FlagUITests.swift */; };
/* End PBXBuildFile section */

/* Begin PBXContainerItemProxy section */
		06EEEB082133625300D1B215 /* PBXContainerItemProxy */ = {
			isa = PBXContainerItemProxy;
			containerPortal = 06EEEAEB2133625100D1B215 /* Project object */;
			proxyType = 1;
			remoteGlobalIDString = 06EEEAF22133625100D1B215;
			remoteInfo = "Guess the Flag";
		};
		06EEEB132133625300D1B215 /* PBXContainerItemProxy */ = {
			isa = PBXContainerItemProxy;
			containerPortal = 06EEEAEB2133625100D1B215 /* Project object */;
			proxyType = 1;
			remoteGlobalIDString = 06EEEAF22133625100D1B215;
			remoteInfo = "Guess the Flag";
		};
/* End PBXContainerItemProxy section */

/* Begin PBXFileReference section */
		06EEEAF32133625100D1B215 /* Guess the Flag.app */ = {isa = PBXFileReference; explicitFileType = wrapper.application; includeInIndex = 0; path = "Guess the Flag.app"; sourceTree = BUILT_PRODUCTS_DIR; };
		06EEEAF62133625100D1B215 /* AppDelegate.swift */ = {isa = PBXFileReference; lastKnownFileType = sourcecode.swift; path = AppDelegate.swift; sourceTree = "<group>"; };
		06EEEAF82133625100D1B215 /* ViewController.swift */ = {isa = PBXFileReference; lastKnownFileType = sourcecode.swift; path = ViewController.swift; sourceTree = "<group>"; };
		06EEEAFB2133625100D1B215 /* Base */ = {isa = PBXFileReference; lastKnownFileType = file.storyboard; name = Base; path = Base.lproj/Main.storyboard; sourceTree = "<group>"; };
		06EEEAFD2133625300D1B215 /* Assets.xcassets */ = {isa = PBXFileReference; lastKnownFileType = folder.assetcatalog; path = Assets.xcassets; sourceTree = "<group>"; };
		06EEEB002133625300D1B215 /* Base */ = {isa = PBXFileReference; lastKnownFileType = file.storyboard; name = Base; path = Base.lproj/LaunchScreen.storyboard; sourceTree = "<group>"; };
		06EEEB022133625300D1B215 /* Info.plist */ = {isa = PBXFileReference; lastKnownFileType = text.plist.xml; path = Info.plist; sourceTree = "<group>"; };
		06EEEB072133625300D1B215 /* Guess the FlagTests.xctest */ = {isa = PBXFileReference; explicitFileType = wrapper.cfbundle; includeInIndex = 0; path = "Guess the FlagTests.xctest"; sourceTree = BUILT_PRODUCTS_DIR; };
		06EEEB0B2133625300D1B215 /* Guess_the_FlagTests.swift */ = {isa = PBXFileReference; lastKnownFileType = sourcecode.swift; path = Guess_the_FlagTests.swift; sourceTree = "<group>"; };
		06EEEB0D2133625300D1B215 /* Info.plist */ = {isa = PBXFileReference; lastKnownFileType = text.plist.xml; path = Info.plist; sourceTree = "<group>"; };
		06EEEB122133625300D1B215 /* Guess the FlagUITests.xctest */ = {isa = PBXFileReference; explicitFileType = wrapper.cfbundle; includeInIndex = 0; path = "Guess the FlagUITests.xctest"; sourceTree = BUILT_PRODUCTS_DIR; };
		06EEEB162133625300D1B215 /* Guess_the_FlagUITests.swift */ = {isa = PBXFileReference; lastKnownFileType = sourcecode.swift; path = Guess_the_FlagUITests.swift; sourceTree = "<group>"; };
		06EEEB182133625300D1B215 /* Info.plist */ = {isa = PBXFileReference; lastKnownFileType = text.plist.xml; path = Info.plist; sourceTree = "<group>"; };
/* End PBXFileReference section */

/* Begin PBXFrameworksBuildPhase section */
		06EEEAF02133625100D1B215 /* Frameworks */ = {
			isa = PBXFrameworksBuildPhase;
			buildActionMask = 2147483647;
			files = (
			);
			runOnlyForDeploymentPostprocessing = 0;
		};
		06EEEB042133625300D1B215 /* Frameworks */ = {
			isa = PBXFrameworksBuildPhase;
			buildActionMask = 2147483647;
			files = (
			);
			runOnlyForDeploymentPostprocessing = 0;
		};
		06EEEB0F2133625300D1B215 /* Frameworks */ = {
			isa = PBXFrameworksBuildPhase;
			buildActionMask = 2147483647;
			files = (
			);
			runOnlyForDeploymentPostprocessing = 0;
		};
/* End PBXFrameworksBuildPhase section */

/* Begin PBXGroup section */
		06EEEAEA2133625100D1B215 = {
			isa = PBXGroup;
			children = (
				06EEEAF52133625100D1B215 /* Guess the Flag */,
				06EEEB0A2133625300D1B215 /* Guess the FlagTests */,
				06EEEB152133625300D1B215 /* Guess the FlagUITests */,
				06EEEAF42133625100D1B215 /* Products */,
			);
			sourceTree = "<group>";
		};
		06EEEAF42133625100D1B215 /* Products */ = {
			isa = PBXGroup;
			children = (
				06EEEAF32133625100D1B215 /* Guess the Flag.app */,
				06EEEB072133625300D1B215 /* Guess the FlagTests.xctest */,
				06EEEB122133625300D1B215 /* Guess the FlagUITests.xctest */,
			);
			name = Products;
			sourceTree = "<group>";
		};
		06EEEAF52133625100D1B215 /* Guess the Flag */ = {
			isa = PBXGroup;
			children = (
				06EEEAF62133625100D1B215 /* AppDelegate.swift */,
				06EEEAF82133625100D1B215 /* ViewController.swift */,
				06EEEAFA2133625100D1B215 /* Main.storyboard */,
				06EEEAFD2133625300D1B215 /* Assets.xcassets */,
				06EEEAFF2133625300D1B215 /* LaunchScreen.storyboard */,
				06EEEB022133625300D1B215 /* Info.plist */,
			);
			path = "Guess the Flag";
			sourceTree = "<group>";
		};
		06EEEB0A2133625300D1B215 /* Guess the FlagTests */ = {
			isa = PBXGroup;
			children = (
				06EEEB0B2133625300D1B215 /* Guess_the_FlagTests.swift */,
				06EEEB0D2133625300D1B215 /* Info.plist */,
			);
			path = "Guess the FlagTests";
			sourceTree = "<group>";
		};
		06EEEB152133625300D1B215 /* Guess the FlagUITests */ = {
			isa = PBXGroup;
			children = (
				06EEEB162133625300D1B215 /* Guess_the_FlagUITests.swift */,
				06EEEB182133625300D1B215 /* Info.plist */,
			);
			path = "Guess the FlagUITests";
			sourceTree = "<group>";
		};
/* End PBXGroup section */

/* Begin PBXNativeTarget section */
		06EEEAF22133625100D1B215 /* Guess the Flag */ = {
			isa = PBXNativeTarget;
			buildConfigurationList = 06EEEB1B2133625300D1B215 /* Build configuration list for PBXNativeTarget "Guess the Flag" */;
			buildPhases = (
				06EEEAEF2133625100D1B215 /* Sources */,
				06EEEAF02133625100D1B215 /* Frameworks */,
				06EEEAF12133625100D1B215 /* Resources */,
			);
			buildRules = (
			);
			dependencies = (
			);
			name = "Guess the Flag";
			productName = "Guess the Flag";
			productReference = 06EEEAF32133625100D1B215 /* Guess the Flag.app */;
			productType = "com.apple.product-type.application";
		};
		06EEEB062133625300D1B215 /* Guess the FlagTests */ = {
			isa = PBXNativeTarget;
			buildConfigurationList = 06EEEB1E2133625300D1B215 /* Build configuration list for PBXNativeTarget "Guess the FlagTests" */;
			buildPhases = (
				06EEEB032133625300D1B215 /* Sources */,
				06EEEB042133625300D1B215 /* Frameworks */,
				06EEEB052133625300D1B215 /* Resources */,
			);
			buildRules = (
			);
			dependencies = (
				06EEEB092133625300D1B215 /* PBXTargetDependency */,
			);
			name = "Guess the FlagTests";
			productName = "Guess the FlagTests";
			productReference = 06EEEB072133625300D1B215 /* Guess the FlagTests.xctest */;
			productType = "com.apple.product-type.bundle.unit-test";
		};
		06EEEB112133625300D1B215 /* Guess the FlagUITests */ = {
			isa = PBXNativeTarget;
			buildConfigurationList = 06EEEB212133625300D1B215 /* Build configuration list for PBXNativeTarget "Guess the FlagUITests" */;
			buildPhases = (
				06EEEB0E2133625300D1B215 /* Sources */,
				06EEEB0F2133625300D1B215 /* Frameworks */,
				06EEEB102133625300D1B215 /* Resources */,
			);
			buildRules = (
			);
			dependencies = (
				06EEEB142133625300D1B215 /* PBXTargetDependency */,
			);
			name = "Guess the FlagUITests";
			productName = "Guess the FlagUITests";
			productReference = 06EEEB122133625300D1B215 /* Guess the FlagUITests.xctest */;
			productType = "com.apple.product-type.bundle.ui-testing";
		};
/* End PBXNativeTarget section */

/* Begin PBXProject section */
		06EEEAEB2133625100D1B215 /* Project object */ = {
			isa = PBXProject;
			attributes = {
				LastSwiftUpdateCheck = 0940;
				LastUpgradeCheck = 0940;
				ORGANIZATIONNAME = "Edvin Lellhame";
				TargetAttributes = {
					06EEEAF22133625100D1B215 = {
						CreatedOnToolsVersion = 9.4.1;
					};
					06EEEB062133625300D1B215 = {
						CreatedOnToolsVersion = 9.4.1;
						TestTargetID = 06EEEAF22133625100D1B215;
					};
					06EEEB112133625300D1B215 = {
						CreatedOnToolsVersion = 9.4.1;
						TestTargetID = 06EEEAF22133625100D1B215;
					};
				};
			};
			buildConfigurationList = 06EEEAEE2133625100D1B215 /* Build configuration list for PBXProject "Guess the Flag" */;
			compatibilityVersion = "Xcode 9.3";
			developmentRegion = en;
			hasScannedForEncodings = 0;
			knownRegions = (
				en,
				Base,
			);
			mainGroup = 06EEEAEA2133625100D1B215;
			productRefGroup = 06EEEAF42133625100D1B215 /* Products */;
			projectDirPath = "";
			projectRoot = "";
			targets = (
				06EEEAF22133625100D1B215 /* Guess the Flag */,
				06EEEB062133625300D1B215 /* Guess the FlagTests */,
				06EEEB112133625300D1B215 /* Guess the FlagUITests */,
			);
		};
/* End PBXProject section */

/* Begin PBXResourcesBuildPhase section */
		06EEEAF12133625100D1B215 /* Resources */ = {
			isa = PBXResourcesBuildPhase;
			buildActionMask = 2147483647;
			files = (
				06EEEB012133625300D1B215 /* LaunchScreen.storyboard in Resources */,
				06EEEAFE2133625300D1B215 /* Assets.xcassets in Resources */,
				06EEEAFC2133625100D1B215 /* Main.storyboard in Resources */,
			);
			runOnlyForDeploymentPostprocessing = 0;
		};
		06EEEB052133625300D1B215 /* Resources */ = {
			isa = PBXResourcesBuildPhase;
			buildActionMask = 2147483647;
			files = (
			);
			runOnlyForDeploymentPostprocessing = 0;
		};
		06EEEB102133625300D1B215 /* Resources */ = {
			isa = PBXResourcesBuildPhase;
			buildActionMask = 2147483647;
			files = (
			);
			runOnlyForDeploymentPostprocessing = 0;
		};
/* End PBXResourcesBuildPhase section */

/* Begin PBXSourcesBuildPhase section */
		06EEEAEF2133625100D1B215 /* Sources */ = {
			isa = PBXSourcesBuildPhase;
			buildActionMask = 2147483647;
			files = (
				06EEEAF92133625100D1B215 /* ViewController.swift in Sources */,
				06EEEAF72133625100D1B215 /* AppDelegate.swift in Sources */,
			);
			runOnlyForDeploymentPostprocessing = 0;
		};
		06EEEB032133625300D1B215 /* Sources */ = {
			isa = PBXSourcesBuildPhase;
			buildActionMask = 2147483647;
			files = (
				06EEEB0C2133625300D1B215 /* Guess_the_FlagTests.swift in Sources */,
			);
			runOnlyForDeploymentPostprocessing = 0;
		};
		06EEEB0E2133625300D1B215 /* Sources */ = {
			isa = PBXSourcesBuildPhase;
			buildActionMask = 2147483647;
			files = (
				06EEEB172133625300D1B215 /* Guess_the_FlagUITests.swift in Sources */,
			);
			runOnlyForDeploymentPostprocessing = 0;
		};
/* End PBXSourcesBuildPhase section */

/* Begin PBXTargetDependency section */
		06EEEB092133625300D1B215 /* PBXTargetDependency */ = {
			isa = PBXTargetDependency;
			target = 06EEEAF22133625100D1B215 /* Guess the Flag */;
			targetProxy = 06EEEB082133625300D1B215 /* PBXContainerItemProxy */;
		};
		06EEEB142133625300D1B215 /* PBXTargetDependency */ = {
			isa = PBXTargetDependency;
			target = 06EEEAF22133625100D1B215 /* Guess the Flag */;
			targetProxy = 06EEEB132133625300D1B215 /* PBXContainerItemProxy */;
		};
/* End PBXTargetDependency section */

/* Begin PBXVariantGroup section */
		06EEEAFA2133625100D1B215 /* Main.storyboard */ = {
			isa = PBXVariantGroup;
			children = (
				06EEEAFB2133625100D1B215 /* Base */,
			);
			name = Main.storyboard;
			sourceTree = "<group>";
		};
		06EEEAFF2133625300D1B215 /* LaunchScreen.storyboard */ = {
			isa = PBXVariantGroup;
			children = (
				06EEEB002133625300D1B215 /* Base */,
			);
			name = LaunchScreen.storyboard;
			sourceTree = "<group>";
		};
/* End PBXVariantGroup section */

/* Begin XCBuildConfiguration section */
		06EEEB192133625300D1B215 /* Debug */ = {
			isa = XCBuildConfiguration;
			buildSettings = {
				ALWAYS_SEARCH_USER_PATHS = NO;
				CLANG_ANALYZER_NONNULL = YES;
				CLANG_ANALYZER_NUMBER_OBJECT_CONVERSION = YES_AGGRESSIVE;
				CLANG_CXX_LANGUAGE_STANDARD = "gnu++14";
				CLANG_CXX_LIBRARY = "libc++";
				CLANG_ENABLE_MODULES = YES;
				CLANG_ENABLE_OBJC_ARC = YES;
				CLANG_ENABLE_OBJC_WEAK = YES;
				CLANG_WARN_BLOCK_CAPTURE_AUTORELEASING = YES;
				CLANG_WARN_BOOL_CONVERSION = YES;
				CLANG_WARN_COMMA = YES;
				CLANG_WARN_CONSTANT_CONVERSION = YES;
				CLANG_WARN_DEPRECATED_OBJC_IMPLEMENTATIONS = YES;
				CLANG_WARN_DIRECT_OBJC_ISA_USAGE = YES_ERROR;
				CLANG_WARN_DOCUMENTATION_COMMENTS = YES;
				CLANG_WARN_EMPTY_BODY = YES;
				CLANG_WARN_ENUM_CONVERSION = YES;
				CLANG_WARN_INFINITE_RECURSION = YES;
				CLANG_WARN_INT_CONVERSION = YES;
				CLANG_WARN_NON_LITERAL_NULL_CONVERSION = YES;
				CLANG_WARN_OBJC_IMPLICIT_RETAIN_SELF = YES;
				CLANG_WARN_OBJC_LITERAL_CONVERSION = YES;
				CLANG_WARN_OBJC_ROOT_CLASS = YES_ERROR;
				CLANG_WARN_RANGE_LOOP_ANALYSIS = YES;
				CLANG_WARN_STRICT_PROTOTYPES = YES;
				CLANG_WARN_SUSPICIOUS_MOVE = YES;
				CLANG_WARN_UNGUARDED_AVAILABILITY = YES_AGGRESSIVE;
				CLANG_WARN_UNREACHABLE_CODE = YES;
				CLANG_WARN__DUPLICATE_METHOD_MATCH = YES;
				CODE_SIGN_IDENTITY = "iPhone Developer";
				COPY_PHASE_STRIP = NO;
				DEBUG_INFORMATION_FORMAT = dwarf;
				ENABLE_STRICT_OBJC_MSGSEND = YES;
				ENABLE_TESTABILITY = YES;
				GCC_C_LANGUAGE_STANDARD = gnu11;
				GCC_DYNAMIC_NO_PIC = NO;
				GCC_NO_COMMON_BLOCKS = YES;
				GCC_OPTIMIZATION_LEVEL = 0;
				GCC_PREPROCESSOR_DEFINITIONS = (
					"DEBUG=1",
					"$(inherited)",
				);
				GCC_WARN_64_TO_32_BIT_CONVERSION = YES;
				GCC_WARN_ABOUT_RETURN_TYPE = YES_ERROR;
				GCC_WARN_UNDECLARED_SELECTOR = YES;
				GCC_WARN_UNINITIALIZED_AUTOS = YES_AGGRESSIVE;
				GCC_WARN_UNUSED_FUNCTION = YES;
				GCC_WARN_UNUSED_VARIABLE = YES;
				IPHONEOS_DEPLOYMENT_TARGET = 11.4;
				MTL_ENABLE_DEBUG_INFO = YES;
				ONLY_ACTIVE_ARCH = YES;
				SDKROOT = iphoneos;
				SWIFT_ACTIVE_COMPILATION_CONDITIONS = DEBUG;
				SWIFT_OPTIMIZATION_LEVEL = "-Onone";
			};
			name = Debug;
		};
		06EEEB1A2133625300D1B215 /* Release */ = {
			isa = XCBuildConfiguration;
			buildSettings = {
				ALWAYS_SEARCH_USER_PATHS = NO;
				CLANG_ANALYZER_NONNULL = YES;
				CLANG_ANALYZER_NUMBER_OBJECT_CONVERSION = YES_AGGRESSIVE;
				CLANG_CXX_LANGUAGE_STANDARD = "gnu++14";
				CLANG_CXX_LIBRARY = "libc++";
				CLANG_ENABLE_MODULES = YES;
				CLANG_ENABLE_OBJC_ARC = YES;
				CLANG_ENABLE_OBJC_WEAK = YES;
				CLANG_WARN_BLOCK_CAPTURE_AUTORELEASING = YES;
				CLANG_WARN_BOOL_CONVERSION = YES;
				CLANG_WARN_COMMA = YES;
				CLANG_WARN_CONSTANT_CONVERSION = YES;
				CLANG_WARN_DEPRECATED_OBJC_IMPLEMENTATIONS = YES;
				CLANG_WARN_DIRECT_OBJC_ISA_USAGE = YES_ERROR;
				CLANG_WARN_DOCUMENTATION_COMMENTS = YES;
				CLANG_WARN_EMPTY_BODY = YES;
				CLANG_WARN_ENUM_CONVERSION = YES;
				CLANG_WARN_INFINITE_RECURSION = YES;
				CLANG_WARN_INT_CONVERSION = YES;
				CLANG_WARN_NON_LITERAL_NULL_CONVERSION = YES;
				CLANG_WARN_OBJC_IMPLICIT_RETAIN_SELF = YES;
				CLANG_WARN_OBJC_LITERAL_CONVERSION = YES;
				CLANG_WARN_OBJC_ROOT_CLASS = YES_ERROR;
				CLANG_WARN_RANGE_LOOP_ANALYSIS = YES;
				CLANG_WARN_STRICT_PROTOTYPES = YES;
				CLANG_WARN_SUSPICIOUS_MOVE = YES;
				CLANG_WARN_UNGUARDED_AVAILABILITY = YES_AGGRESSIVE;
				CLANG_WARN_UNREACHABLE_CODE = YES;
				CLANG_WARN__DUPLICATE_METHOD_MATCH = YES;
				CODE_SIGN_IDENTITY = "iPhone Developer";
				COPY_PHASE_STRIP = NO;
				DEBUG_INFORMATION_FORMAT = "dwarf-with-dsym";
				ENABLE_NS_ASSERTIONS = NO;
				ENABLE_STRICT_OBJC_MSGSEND = YES;
				GCC_C_LANGUAGE_STANDARD = gnu11;
				GCC_NO_COMMON_BLOCKS = YES;
				GCC_WARN_64_TO_32_BIT_CONVERSION = YES;
				GCC_WARN_ABOUT_RETURN_TYPE = YES_ERROR;
				GCC_WARN_UNDECLARED_SELECTOR = YES;
				GCC_WARN_UNINITIALIZED_AUTOS = YES_AGGRESSIVE;
				GCC_WARN_UNUSED_FUNCTION = YES;
				GCC_WARN_UNUSED_VARIABLE = YES;
				IPHONEOS_DEPLOYMENT_TARGET = 11.4;
				MTL_ENABLE_DEBUG_INFO = NO;
				SDKROOT = iphoneos;
				SWIFT_COMPILATION_MODE = wholemodule;
				SWIFT_OPTIMIZATION_LEVEL = "-O";
				VALIDATE_PRODUCT = YES;
			};
			name = Release;
		};
		06EEEB1C2133625300D1B215 /* Debug */ = {
			isa = XCBuildConfiguration;
			buildSettings = {
				ASSETCATALOG_COMPILER_APPICON_NAME = AppIcon;
				CODE_SIGN_STYLE = Automatic;
				DEVELOPMENT_TEAM = Z928ALPHEA;
				INFOPLIST_FILE = "Guess the Flag/Info.plist";
				LD_RUNPATH_SEARCH_PATHS = (
					"$(inherited)",
					"@executable_path/Frameworks",
				);
				PRODUCT_BUNDLE_IDENTIFIER = "com.edvinlellhame.Guess-the-Flag";
				PRODUCT_NAME = "$(TARGET_NAME)";
				SWIFT_VERSION = 4.0;
				TARGETED_DEVICE_FAMILY = "1,2";
			};
			name = Debug;
		};
		06EEEB1D2133625300D1B215 /* Release */ = {
			isa = XCBuildConfiguration;
			buildSettings = {
				ASSETCATALOG_COMPILER_APPICON_NAME = AppIcon;
				CODE_SIGN_STYLE = Automatic;
				DEVELOPMENT_TEAM = Z928ALPHEA;
				INFOPLIST_FILE = "Guess the Flag/Info.plist";
				LD_RUNPATH_SEARCH_PATHS = (
					"$(inherited)",
					"@executable_path/Frameworks",
				);
				PRODUCT_BUNDLE_IDENTIFIER = "com.edvinlellhame.Guess-the-Flag";
				PRODUCT_NAME = "$(TARGET_NAME)";
				SWIFT_VERSION = 4.0;
				TARGETED_DEVICE_FAMILY = "1,2";
			};
			name = Release;
		};
		06EEEB1F2133625300D1B215 /* Debug */ = {
			isa = XCBuildConfiguration;
			buildSettings = {
				ALWAYS_EMBED_SWIFT_STANDARD_LIBRARIES = YES;
				BUNDLE_LOADER = "$(TEST_HOST)";
				CODE_SIGN_STYLE = Automatic;
				DEVELOPMENT_TEAM = Z928ALPHEA;
				INFOPLIST_FILE = "Guess the FlagTests/Info.plist";
				LD_RUNPATH_SEARCH_PATHS = (
					"$(inherited)",
					"@executable_path/Frameworks",
					"@loader_path/Frameworks",
				);
				PRODUCT_BUNDLE_IDENTIFIER = "com.edvinlellhame.Guess-the-FlagTests";
				PRODUCT_NAME = "$(TARGET_NAME)";
				SWIFT_VERSION = 4.0;
				TARGETED_DEVICE_FAMILY = "1,2";
				TEST_HOST = "$(BUILT_PRODUCTS_DIR)/Guess the Flag.app/Guess the Flag";
			};
			name = Debug;
		};
		06EEEB202133625300D1B215 /* Release */ = {
			isa = XCBuildConfiguration;
			buildSettings = {
				ALWAYS_EMBED_SWIFT_STANDARD_LIBRARIES = YES;
				BUNDLE_LOADER = "$(TEST_HOST)";
				CODE_SIGN_STYLE = Automatic;
				DEVELOPMENT_TEAM = Z928ALPHEA;
				INFOPLIST_FILE = "Guess the FlagTests/Info.plist";
				LD_RUNPATH_SEARCH_PATHS = (
					"$(inherited)",
					"@executable_path/Frameworks",
					"@loader_path/Frameworks",
				);
				PRODUCT_BUNDLE_IDENTIFIER = "com.edvinlellhame.Guess-the-FlagTests";
				PRODUCT_NAME = "$(TARGET_NAME)";
				SWIFT_VERSION = 4.0;
				TARGETED_DEVICE_FAMILY = "1,2";
				TEST_HOST = "$(BUILT_PRODUCTS_DIR)/Guess the Flag.app/Guess the Flag";
			};
			name = Release;
		};
		06EEEB222133625300D1B215 /* Debug */ = {
			isa = XCBuildConfiguration;
			buildSettings = {
				ALWAYS_EMBED_SWIFT_STANDARD_LIBRARIES = YES;
				CODE_SIGN_STYLE = Automatic;
				DEVELOPMENT_TEAM = Z928ALPHEA;
				INFOPLIST_FILE = "Guess the FlagUITests/Info.plist";
				LD_RUNPATH_SEARCH_PATHS = (
					"$(inherited)",
					"@executable_path/Frameworks",
					"@loader_path/Frameworks",
				);
				PRODUCT_BUNDLE_IDENTIFIER = "com.edvinlellhame.Guess-the-FlagUITests";
				PRODUCT_NAME = "$(TARGET_NAME)";
				SWIFT_VERSION = 4.0;
				TARGETED_DEVICE_FAMILY = "1,2";
				TEST_TARGET_NAME = "Guess the Flag";
			};
			name = Debug;
		};
		06EEEB232133625300D1B215 /* Release */ = {
			isa = XCBuildConfiguration;
			buildSettings = {
				ALWAYS_EMBED_SWIFT_STANDARD_LIBRARIES = YES;
				CODE_SIGN_STYLE = Automatic;
				DEVELOPMENT_TEAM = Z928ALPHEA;
				INFOPLIST_FILE = "Guess the FlagUITests/Info.plist";
				LD_RUNPATH_SEARCH_PATHS = (
					"$(inherited)",
					"@executable_path/Frameworks",
					"@loader_path/Frameworks",
				);
				PRODUCT_BUNDLE_IDENTIFIER = "com.edvinlellhame.Guess-the-FlagUITests";
				PRODUCT_NAME = "$(TARGET_NAME)";
				SWIFT_VERSION = 4.0;
				TARGETED_DEVICE_FAMILY = "1,2";
				TEST_TARGET_NAME = "Guess the Flag";
			};
			name = Release;
		};
/* End XCBuildConfiguration section */

/* Begin XCConfigurationList section */
		06EEEAEE2133625100D1B215 /* Build configuration list for PBXProject "Guess the Flag" */ = {
			isa = XCConfigurationList;
			buildConfigurations = (
				06EEEB192133625300D1B215 /* Debug */,
				06EEEB1A2133625300D1B215 /* Release */,
			);
			defaultConfigurationIsVisible = 0;
			defaultConfigurationName = Release;
		};
		06EEEB1B2133625300D1B215 /* Build configuration list for PBXNativeTarget "Guess the Flag" */ = {
			isa = XCConfigurationList;
			buildConfigurations = (
				06EEEB1C2133625300D1B215 /* Debug */,
				06EEEB1D2133625300D1B215 /* Release */,
			);
			defaultConfigurationIsVisible = 0;
			defaultConfigurationName = Release;
		};
		06EEEB1E2133625300D1B215 /* Build configuration list for PBXNativeTarget "Guess the FlagTests" */ = {
			isa = XCConfigurationList;
			buildConfigurations = (
				06EEEB1F2133625300D1B215 /* Debug */,
				06EEEB202133625300D1B215 /* Release */,
			);
			defaultConfigurationIsVisible = 0;
			defaultConfigurationName = Release;
		};
		06EEEB212133625300D1B215 /* Build configuration list for PBXNativeTarget "Guess the FlagUITests" */ = {
			isa = XCConfigurationList;
			buildConfigurations = (
				06EEEB222133625300D1B215 /* Debug */,
				06EEEB232133625300D1B215 /* Release */,
			);
			defaultConfigurationIsVisible = 0;
			defaultConfigurationName = Release;
		};
/* End XCConfigurationList section */
	};
	rootObject = 06EEEAEB2133625100D1B215 /* Project object */;
}
